
Microsoft Visual Studio Solution File, Format Version 12.00
# Visual Studio Version 17
VisualStudioVersion = 17.11.35222.181
MinimumVisualStudioVersion = 10.0.40219.1
Project("{FAE04EC0-301F-11D3-BF4B-00C04F79EFBC}") = "Temp-Main", "Temp-Main\Temp-Main.csproj", "{0930F7FD-AE73-4CF2-8C81-7C83C0BF71E3}"
EndProject
Global
	GlobalSection(SolutionConfigurationPlatforms) = preSolution
		Debug|Any CPU = Debug|Any CPU
		Release|Any CPU = Release|Any CPU
	EndGlobalSection
	GlobalSection(ProjectConfigurationPlatforms) = postSolution
		{0930F7FD-AE73-4CF2-8C81-7C83C0BF71E3}.Debug|Any CPU.ActiveCfg = Debug|Any CPU
		{0930F7FD-AE73-4CF2-8C81-7C83C0BF71E3}.Debug|Any CPU.Build.0 = Debug|Any CPU
		{0930F7FD-AE73-4CF2-8C81-7C83C0BF71E3}.Release|Any CPU.ActiveCfg = Release|Any CPU
		{0930F7FD-AE73-4CF2-8C81-7C83C0BF71E3}.Release|Any CPU.Build.0 = Release|Any CPU
	EndGlobalSection
	GlobalSection(SolutionProperties) = preSolution
		HideSolutionNode = FALSE
	EndGlobalSection
	GlobalSection(ExtensibilityGlobals) = postSolution
		SolutionGuid = {F48D49F0-69C7-4ADB-A8D4-746175785F39}
	EndGlobalSection
EndGlobal
