
Microsoft Visual Studio Solution File, Format Version 12.00
# Visual Studio Version 17
VisualStudioVersion = 17.11.35222.181
MinimumVisualStudioVersion = 10.0.40219.1
Project("{9A19103F-16F7-4668-BE54-9A1E7A4F7556}") = "RazorPagesToMVCMigration", "RazorPagesToMVCMigration\RazorPagesToMVCMigration.csproj", "{D8CB05BE-C7D6-4267-966C-44D29A0D9519}"
	ProjectSection(ProjectDependencies) = postProject
		{ACD8744B-2137-417F-9290-A2A773619354} = {ACD8744B-2137-417F-9290-A2A773619354}
	EndProjectSection
EndProject
Project("{9A19103F-16F7-4668-BE54-9A1E7A4F7556}") = "MSPJ.TestingEnvironment", "TestingEnvironment\MSPJ.TestingEnvironment.csproj", "{EBBCE2ED-F8D2-4CB9-BE5A-99349D0ED272}"
EndProject
Project("{9A19103F-16F7-4668-BE54-9A1E7A4F7556}") = "ServiceAPI", "WebserverRESTfulAPI\ServiceAPI.csproj", "{ACD8744B-2137-417F-9290-A2A773619354}"
EndProject
Project("{9A19103F-16F7-4668-BE54-9A1E7A4F7556}") = "BrowserWebPage", "BrowserWebPage\BrowserWebPage.csproj", "{E3F1EB3B-53E5-4B33-9301-7C17884AE691}"
EndProject
Global
	GlobalSection(SolutionConfigurationPlatforms) = preSolution
		Debug|Any CPU = Debug|Any CPU
		Release|Any CPU = Release|Any CPU
	EndGlobalSection
	GlobalSection(ProjectConfigurationPlatforms) = postSolution
		{D8CB05BE-C7D6-4267-966C-44D29A0D9519}.Debug|Any CPU.ActiveCfg = Debug|Any CPU
		{D8CB05BE-C7D6-4267-966C-44D29A0D9519}.Debug|Any CPU.Build.0 = Debug|Any CPU
		{D8CB05BE-C7D6-4267-966C-44D29A0D9519}.Release|Any CPU.ActiveCfg = Release|Any CPU
		{D8CB05BE-C7D6-4267-966C-44D29A0D9519}.Release|Any CPU.Build.0 = Release|Any CPU
		{EBBCE2ED-F8D2-4CB9-BE5A-99349D0ED272}.Debug|Any CPU.ActiveCfg = Debug|Any CPU
		{EBBCE2ED-F8D2-4CB9-BE5A-99349D0ED272}.Debug|Any CPU.Build.0 = Debug|Any CPU
		{EBBCE2ED-F8D2-4CB9-BE5A-99349D0ED272}.Release|Any CPU.ActiveCfg = Release|Any CPU
		{EBBCE2ED-F8D2-4CB9-BE5A-99349D0ED272}.Release|Any CPU.Build.0 = Release|Any CPU
		{ACD8744B-2137-417F-9290-A2A773619354}.Debug|Any CPU.ActiveCfg = Debug|Any CPU
		{ACD8744B-2137-417F-9290-A2A773619354}.Debug|Any CPU.Build.0 = Debug|Any CPU
		{ACD8744B-2137-417F-9290-A2A773619354}.Release|Any CPU.ActiveCfg = Release|Any CPU
		{ACD8744B-2137-417F-9290-A2A773619354}.Release|Any CPU.Build.0 = Release|Any CPU
		{E3F1EB3B-53E5-4B33-9301-7C17884AE691}.Debug|Any CPU.ActiveCfg = Debug|Any CPU
		{E3F1EB3B-53E5-4B33-9301-7C17884AE691}.Debug|Any CPU.Build.0 = Debug|Any CPU
		{E3F1EB3B-53E5-4B33-9301-7C17884AE691}.Release|Any CPU.ActiveCfg = Release|Any CPU
		{E3F1EB3B-53E5-4B33-9301-7C17884AE691}.Release|Any CPU.Build.0 = Release|Any CPU
	EndGlobalSection
	GlobalSection(SolutionProperties) = preSolution
		HideSolutionNode = FALSE
	EndGlobalSection
	GlobalSection(ExtensibilityGlobals) = postSolution
		SolutionGuid = {E6B1E11B-589F-42E4-8A6C-462D43D6A45F}
	EndGlobalSection
EndGlobal
