
Microsoft Visual Studio Solution File, Format Version 12.00
# Visual Studio Version 17
VisualStudioVersion = 17.11.35222.181
MinimumVisualStudioVersion = 10.0.40219.1
Project("{FAE04EC0-301F-11D3-BF4B-00C04F79EFBC}") = "RazorPagesToMVCMigration", "RazorPagesToMVCMigration\RazorPagesToMVCMigration.csproj", "{D8CB05BE-C7D6-4267-966C-44D29A0D9519}"
EndProject
Global
	GlobalSection(SolutionConfigurationPlatforms) = preSolution
		Debug|Any CPU = Debug|Any CPU
		Release|Any CPU = Release|Any CPU
	EndGlobalSection
	GlobalSection(ProjectConfigurationPlatforms) = postSolution
		{D8CB05BE-C7D6-4267-966C-44D29A0D9519}.Debug|Any CPU.ActiveCfg = Debug|Any CPU
		{D8CB05BE-C7D6-4267-966C-44D29A0D9519}.Debug|Any CPU.Build.0 = Debug|Any CPU
		{D8CB05BE-C7D6-4267-966C-44D29A0D9519}.Release|Any CPU.ActiveCfg = Release|Any CPU
		{D8CB05BE-C7D6-4267-966C-44D29A0D9519}.Release|Any CPU.Build.0 = Release|Any CPU
	EndGlobalSection
	GlobalSection(SolutionProperties) = preSolution
		HideSolutionNode = FALSE
	EndGlobalSection
	GlobalSection(ExtensibilityGlobals) = postSolution
		SolutionGuid = {E6B1E11B-589F-42E4-8A6C-462D43D6A45F}
	EndGlobalSection
EndGlobal
