
Microsoft Visual Studio Solution File, Format Version 12.00
# Visual Studio Version 17
VisualStudioVersion = 17.11.35222.181
MinimumVisualStudioVersion = 10.0.40219.1
Project("{9A19103F-16F7-4668-BE54-9A1E7A4F7556}") = "FrontEnd", "FrontEnd\FrontEnd.csproj", "{8A09A9C4-6DE9-412F-AD6F-F1B0C19497DC}"
EndProject
Project("{FAE04EC0-301F-11D3-BF4B-00C04F79EFBC}") = "MSPJ_3.TestingEnvironment", "MSPJ_3.TestingEnvironment\MSPJ_3.TestingEnvironment.csproj", "{9FAA267F-1F0F-4886-BFDC-D5D27CFB4177}"
EndProject
Global
	GlobalSection(SolutionConfigurationPlatforms) = preSolution
		Debug|Any CPU = Debug|Any CPU
		Release|Any CPU = Release|Any CPU
	EndGlobalSection
	GlobalSection(ProjectConfigurationPlatforms) = postSolution
		{8A09A9C4-6DE9-412F-AD6F-F1B0C19497DC}.Debug|Any CPU.ActiveCfg = Debug|Any CPU
		{8A09A9C4-6DE9-412F-AD6F-F1B0C19497DC}.Debug|Any CPU.Build.0 = Debug|Any CPU
		{8A09A9C4-6DE9-412F-AD6F-F1B0C19497DC}.Release|Any CPU.ActiveCfg = Release|Any CPU
		{8A09A9C4-6DE9-412F-AD6F-F1B0C19497DC}.Release|Any CPU.Build.0 = Release|Any CPU
		{9FAA267F-1F0F-4886-BFDC-D5D27CFB4177}.Debug|Any CPU.ActiveCfg = Debug|Any CPU
		{9FAA267F-1F0F-4886-BFDC-D5D27CFB4177}.Debug|Any CPU.Build.0 = Debug|Any CPU
		{9FAA267F-1F0F-4886-BFDC-D5D27CFB4177}.Release|Any CPU.ActiveCfg = Release|Any CPU
		{9FAA267F-1F0F-4886-BFDC-D5D27CFB4177}.Release|Any CPU.Build.0 = Release|Any CPU
	EndGlobalSection
	GlobalSection(SolutionProperties) = preSolution
		HideSolutionNode = FALSE
	EndGlobalSection
	GlobalSection(ExtensibilityGlobals) = postSolution
		SolutionGuid = {34762540-C88D-4BA5-981F-7082C33E6BFF}
	EndGlobalSection
EndGlobal
